// !$*UTF8*$!
{
	archiveVersion = 1;
	classes = {
	};
	objectVersion = 56;
	objects = {

/* Begin PBXBuildFile section */
		08EF9A682B69B2A400580AD9 /* AppDelegate.swift in Sources */ = {isa = PBXBuildFile; fileRef = 08EF9A672B69B2A400580AD9 /* AppDelegate.swift */; };
		08EF9A6A2B69B2A400580AD9 /* SceneDelegate.swift in Sources */ = {isa = PBXBuildFile; fileRef = 08EF9A692B69B2A400580AD9 /* SceneDelegate.swift */; };
		08EF9A6C2B69B2A400580AD9 /* ViewController.swift in Sources */ = {isa = PBXBuildFile; fileRef = 08EF9A6B2B69B2A400580AD9 /* ViewController.swift */; };
		08EF9A6F2B69B2A400580AD9 /* Main.storyboard in Resources */ = {isa = PBXBuildFile; fileRef = 08EF9A6D2B69B2A400580AD9 /* Main.storyboard */; };
		08EF9A712B69B2A500580AD9 /* Assets.xcassets in Resources */ = {isa = PBXBuildFile; fileRef = 08EF9A702B69B2A500580AD9 /* Assets.xcassets */; };
		08EF9A742B69B2A500580AD9 /* LaunchScreen.storyboard in Resources */ = {isa = PBXBuildFile; fileRef = 08EF9A722B69B2A500580AD9 /* LaunchScreen.storyboard */; };
		08EF9A7C2B69B2D500580AD9 /* ApiRequestDispatcher.swift in Sources */ = {isa = PBXBuildFile; fileRef = 08EF9A7B2B69B2D500580AD9 /* ApiRequestDispatcher.swift */; };
		08EF9A7E2B69B34F00580AD9 /* ApiRouter.swift in Sources */ = {isa = PBXBuildFile; fileRef = 08EF9A7D2B69B34F00580AD9 /* ApiRouter.swift */; };
		08EF9A802B69B3FF00580AD9 /* HTTP.swift in Sources */ = {isa = PBXBuildFile; fileRef = 08EF9A7F2B69B3FF00580AD9 /* HTTP.swift */; };
		08EF9A822B69C1C400580AD9 /* ApiError.swift in Sources */ = {isa = PBXBuildFile; fileRef = 08EF9A812B69C1C400580AD9 /* ApiError.swift */; };
		08EF9A842B69C4B700580AD9 /* CharacterApiClient.swift in Sources */ = {isa = PBXBuildFile; fileRef = 08EF9A832B69C4B700580AD9 /* CharacterApiClient.swift */; };
		08EF9A862B69C54B00580AD9 /* Character.swift in Sources */ = {isa = PBXBuildFile; fileRef = 08EF9A852B69C54B00580AD9 /* Character.swift */; };
		08EF9A882B69C64500580AD9 /* ViewModel.swift in Sources */ = {isa = PBXBuildFile; fileRef = 08EF9A872B69C64500580AD9 /* ViewModel.swift */; };
		08EF9A8A2B69C8CA00580AD9 /* UIViewController+Ext.swift in Sources */ = {isa = PBXBuildFile; fileRef = 08EF9A892B69C8CA00580AD9 /* UIViewController+Ext.swift */; };
		08EF9A8D2B69CA0000580AD9 /* CharacterTableViewCell.swift in Sources */ = {isa = PBXBuildFile; fileRef = 08EF9A8B2B69CA0000580AD9 /* CharacterTableViewCell.swift */; };
		08EF9A8E2B69CA0000580AD9 /* CharacterTableViewCell.xib in Resources */ = {isa = PBXBuildFile; fileRef = 08EF9A8C2B69CA0000580AD9 /* CharacterTableViewCell.xib */; };
		08EF9A902B69CA9D00580AD9 /* UITableView+Ext.swift in Sources */ = {isa = PBXBuildFile; fileRef = 08EF9A8F2B69CA9D00580AD9 /* UITableView+Ext.swift */; };
/* End PBXBuildFile section */

/* Begin PBXFileReference section */
		08EF9A642B69B2A400580AD9 /* Rick&Morty.app */ = {isa = PBXFileReference; explicitFileType = wrapper.application; includeInIndex = 0; path = "Rick&Morty.app"; sourceTree = BUILT_PRODUCTS_DIR; };
		08EF9A672B69B2A400580AD9 /* AppDelegate.swift */ = {isa = PBXFileReference; lastKnownFileType = sourcecode.swift; path = AppDelegate.swift; sourceTree = "<group>"; };
		08EF9A692B69B2A400580AD9 /* SceneDelegate.swift */ = {isa = PBXFileReference; lastKnownFileType = sourcecode.swift; path = SceneDelegate.swift; sourceTree = "<group>"; };
		08EF9A6B2B69B2A400580AD9 /* ViewController.swift */ = {isa = PBXFileReference; lastKnownFileType = sourcecode.swift; path = ViewController.swift; sourceTree = "<group>"; };
		08EF9A6E2B69B2A400580AD9 /* Base */ = {isa = PBXFileReference; lastKnownFileType = file.storyboard; name = Base; path = Base.lproj/Main.storyboard; sourceTree = "<group>"; };
		08EF9A702B69B2A500580AD9 /* Assets.xcassets */ = {isa = PBXFileReference; lastKnownFileType = folder.assetcatalog; path = Assets.xcassets; sourceTree = "<group>"; };
		08EF9A732B69B2A500580AD9 /* Base */ = {isa = PBXFileReference; lastKnownFileType = file.storyboard; name = Base; path = Base.lproj/LaunchScreen.storyboard; sourceTree = "<group>"; };
		08EF9A752B69B2A500580AD9 /* Info.plist */ = {isa = PBXFileReference; lastKnownFileType = text.plist.xml; path = Info.plist; sourceTree = "<group>"; };
		08EF9A7B2B69B2D500580AD9 /* ApiRequestDispatcher.swift */ = {isa = PBXFileReference; lastKnownFileType = sourcecode.swift; path = ApiRequestDispatcher.swift; sourceTree = "<group>"; };
		08EF9A7D2B69B34F00580AD9 /* ApiRouter.swift */ = {isa = PBXFileReference; lastKnownFileType = sourcecode.swift; path = ApiRouter.swift; sourceTree = "<group>"; };
		08EF9A7F2B69B3FF00580AD9 /* HTTP.swift */ = {isa = PBXFileReference; lastKnownFileType = sourcecode.swift; path = HTTP.swift; sourceTree = "<group>"; };
		08EF9A812B69C1C400580AD9 /* ApiError.swift */ = {isa = PBXFileReference; lastKnownFileType = sourcecode.swift; path = ApiError.swift; sourceTree = "<group>"; };
		08EF9A832B69C4B700580AD9 /* CharacterApiClient.swift */ = {isa = PBXFileReference; lastKnownFileType = sourcecode.swift; path = CharacterApiClient.swift; sourceTree = "<group>"; };
		08EF9A852B69C54B00580AD9 /* Character.swift */ = {isa = PBXFileReference; lastKnownFileType = sourcecode.swift; path = Character.swift; sourceTree = "<group>"; };
		08EF9A872B69C64500580AD9 /* ViewModel.swift */ = {isa = PBXFileReference; lastKnownFileType = sourcecode.swift; path = ViewModel.swift; sourceTree = "<group>"; };
		08EF9A892B69C8CA00580AD9 /* UIViewController+Ext.swift */ = {isa = PBXFileReference; lastKnownFileType = sourcecode.swift; path = "UIViewController+Ext.swift"; sourceTree = "<group>"; };
		08EF9A8B2B69CA0000580AD9 /* CharacterTableViewCell.swift */ = {isa = PBXFileReference; lastKnownFileType = sourcecode.swift; path = CharacterTableViewCell.swift; sourceTree = "<group>"; };
		08EF9A8C2B69CA0000580AD9 /* CharacterTableViewCell.xib */ = {isa = PBXFileReference; lastKnownFileType = file.xib; path = CharacterTableViewCell.xib; sourceTree = "<group>"; };
		08EF9A8F2B69CA9D00580AD9 /* UITableView+Ext.swift */ = {isa = PBXFileReference; lastKnownFileType = sourcecode.swift; path = "UITableView+Ext.swift"; sourceTree = "<group>"; };
/* End PBXFileReference section */

/* Begin PBXFrameworksBuildPhase section */
		08EF9A612B69B2A400580AD9 /* Frameworks */ = {
			isa = PBXFrameworksBuildPhase;
			buildActionMask = 2147483647;
			files = (
			);
			runOnlyForDeploymentPostprocessing = 0;
		};
/* End PBXFrameworksBuildPhase section */

/* Begin PBXGroup section */
		08EF9A5B2B69B2A400580AD9 = {
			isa = PBXGroup;
			children = (
				08EF9A662B69B2A400580AD9 /* Rick&Morty */,
				08EF9A652B69B2A400580AD9 /* Products */,
			);
			sourceTree = "<group>";
		};
		08EF9A652B69B2A400580AD9 /* Products */ = {
			isa = PBXGroup;
			children = (
				08EF9A642B69B2A400580AD9 /* Rick&Morty.app */,
			);
			name = Products;
			sourceTree = "<group>";
		};
		08EF9A662B69B2A400580AD9 /* Rick&Morty */ = {
			isa = PBXGroup;
			children = (
				08EF9A672B69B2A400580AD9 /* AppDelegate.swift */,
				08EF9A692B69B2A400580AD9 /* SceneDelegate.swift */,
				08EF9A6B2B69B2A400580AD9 /* ViewController.swift */,
				08EF9A6D2B69B2A400580AD9 /* Main.storyboard */,
				08EF9A702B69B2A500580AD9 /* Assets.xcassets */,
				08EF9A722B69B2A500580AD9 /* LaunchScreen.storyboard */,
				08EF9A752B69B2A500580AD9 /* Info.plist */,
				08EF9A7B2B69B2D500580AD9 /* ApiRequestDispatcher.swift */,
				08EF9A7D2B69B34F00580AD9 /* ApiRouter.swift */,
				08EF9A7F2B69B3FF00580AD9 /* HTTP.swift */,
				08EF9A812B69C1C400580AD9 /* ApiError.swift */,
				08EF9A832B69C4B700580AD9 /* CharacterApiClient.swift */,
				08EF9A852B69C54B00580AD9 /* Character.swift */,
				08EF9A872B69C64500580AD9 /* ViewModel.swift */,
				08EF9A892B69C8CA00580AD9 /* UIViewController+Ext.swift */,
				08EF9A8B2B69CA0000580AD9 /* CharacterTableViewCell.swift */,
				08EF9A8C2B69CA0000580AD9 /* CharacterTableViewCell.xib */,
				08EF9A8F2B69CA9D00580AD9 /* UITableView+Ext.swift */,
			);
			path = "Rick&Morty";
			sourceTree = "<group>";
		};
/* End PBXGroup section */

/* Begin PBXNativeTarget section */
		08EF9A632B69B2A400580AD9 /* Rick&Morty */ = {
			isa = PBXNativeTarget;
			buildConfigurationList = 08EF9A782B69B2A500580AD9 /* Build configuration list for PBXNativeTarget "Rick&Morty" */;
			buildPhases = (
				08EF9A602B69B2A400580AD9 /* Sources */,
				08EF9A612B69B2A400580AD9 /* Frameworks */,
				08EF9A622B69B2A400580AD9 /* Resources */,
			);
			buildRules = (
			);
			dependencies = (
			);
			name = "Rick&Morty";
			productName = "Rick&Morty";
			productReference = 08EF9A642B69B2A400580AD9 /* Rick&Morty.app */;
			productType = "com.apple.product-type.application";
		};
/* End PBXNativeTarget section */

/* Begin PBXProject section */
		08EF9A5C2B69B2A400580AD9 /* Project object */ = {
			isa = PBXProject;
			attributes = {
				BuildIndependentTargetsInParallel = 1;
				LastSwiftUpdateCheck = 1520;
				LastUpgradeCheck = 1520;
				TargetAttributes = {
					08EF9A632B69B2A400580AD9 = {
						CreatedOnToolsVersion = 15.2;
					};
				};
			};
			buildConfigurationList = 08EF9A5F2B69B2A400580AD9 /* Build configuration list for PBXProject "Rick&Morty" */;
			compatibilityVersion = "Xcode 14.0";
			developmentRegion = en;
			hasScannedForEncodings = 0;
			knownRegions = (
				en,
				Base,
			);
			mainGroup = 08EF9A5B2B69B2A400580AD9;
			productRefGroup = 08EF9A652B69B2A400580AD9 /* Products */;
			projectDirPath = "";
			projectRoot = "";
			targets = (
				08EF9A632B69B2A400580AD9 /* Rick&Morty */,
			);
		};
/* End PBXProject section */

/* Begin PBXResourcesBuildPhase section */
		08EF9A622B69B2A400580AD9 /* Resources */ = {
			isa = PBXResourcesBuildPhase;
			buildActionMask = 2147483647;
			files = (
				08EF9A742B69B2A500580AD9 /* LaunchScreen.storyboard in Resources */,
				08EF9A712B69B2A500580AD9 /* Assets.xcassets in Resources */,
				08EF9A6F2B69B2A400580AD9 /* Main.storyboard in Resources */,
				08EF9A8E2B69CA0000580AD9 /* CharacterTableViewCell.xib in Resources */,
			);
			runOnlyForDeploymentPostprocessing = 0;
		};
/* End PBXResourcesBuildPhase section */

/* Begin PBXSourcesBuildPhase section */
		08EF9A602B69B2A400580AD9 /* Sources */ = {
			isa = PBXSourcesBuildPhase;
			buildActionMask = 2147483647;
			files = (
				08EF9A882B69C64500580AD9 /* ViewModel.swift in Sources */,
				08EF9A862B69C54B00580AD9 /* Character.swift in Sources */,
				08EF9A822B69C1C400580AD9 /* ApiError.swift in Sources */,
				08EF9A8A2B69C8CA00580AD9 /* UIViewController+Ext.swift in Sources */,
				08EF9A842B69C4B700580AD9 /* CharacterApiClient.swift in Sources */,
				08EF9A902B69CA9D00580AD9 /* UITableView+Ext.swift in Sources */,
				08EF9A6C2B69B2A400580AD9 /* ViewController.swift in Sources */,
				08EF9A682B69B2A400580AD9 /* AppDelegate.swift in Sources */,
				08EF9A7E2B69B34F00580AD9 /* ApiRouter.swift in Sources */,
				08EF9A802B69B3FF00580AD9 /* HTTP.swift in Sources */,
				08EF9A6A2B69B2A400580AD9 /* SceneDelegate.swift in Sources */,
				08EF9A7C2B69B2D500580AD9 /* ApiRequestDispatcher.swift in Sources */,
				08EF9A8D2B69CA0000580AD9 /* CharacterTableViewCell.swift in Sources */,
			);
			runOnlyForDeploymentPostprocessing = 0;
		};
/* End PBXSourcesBuildPhase section */

/* Begin PBXVariantGroup section */
		08EF9A6D2B69B2A400580AD9 /* Main.storyboard */ = {
			isa = PBXVariantGroup;
			children = (
				08EF9A6E2B69B2A400580AD9 /* Base */,
			);
			name = Main.storyboard;
			sourceTree = "<group>";
		};
		08EF9A722B69B2A500580AD9 /* LaunchScreen.storyboard */ = {
			isa = PBXVariantGroup;
			children = (
				08EF9A732B69B2A500580AD9 /* Base */,
			);
			name = LaunchScreen.storyboard;
			sourceTree = "<group>";
		};
/* End PBXVariantGroup section */

/* Begin XCBuildConfiguration section */
		08EF9A762B69B2A500580AD9 /* Debug */ = {
			isa = XCBuildConfiguration;
			buildSettings = {
				ALWAYS_SEARCH_USER_PATHS = NO;
				ASSETCATALOG_COMPILER_GENERATE_SWIFT_ASSET_SYMBOL_EXTENSIONS = YES;
				CLANG_ANALYZER_NONNULL = YES;
				CLANG_ANALYZER_NUMBER_OBJECT_CONVERSION = YES_AGGRESSIVE;
				CLANG_CXX_LANGUAGE_STANDARD = "gnu++20";
				CLANG_ENABLE_MODULES = YES;
				CLANG_ENABLE_OBJC_ARC = YES;
				CLANG_ENABLE_OBJC_WEAK = YES;
				CLANG_WARN_BLOCK_CAPTURE_AUTORELEASING = YES;
				CLANG_WARN_BOOL_CONVERSION = YES;
				CLANG_WARN_COMMA = YES;
				CLANG_WARN_CONSTANT_CONVERSION = YES;
				CLANG_WARN_DEPRECATED_OBJC_IMPLEMENTATIONS = YES;
				CLANG_WARN_DIRECT_OBJC_ISA_USAGE = YES_ERROR;
				CLANG_WARN_DOCUMENTATION_COMMENTS = YES;
				CLANG_WARN_EMPTY_BODY = YES;
				CLANG_WARN_ENUM_CONVERSION = YES;
				CLANG_WARN_INFINITE_RECURSION = YES;
				CLANG_WARN_INT_CONVERSION = YES;
				CLANG_WARN_NON_LITERAL_NULL_CONVERSION = YES;
				CLANG_WARN_OBJC_IMPLICIT_RETAIN_SELF = YES;
				CLANG_WARN_OBJC_LITERAL_CONVERSION = YES;
				CLANG_WARN_OBJC_ROOT_CLASS = YES_ERROR;
				CLANG_WARN_QUOTED_INCLUDE_IN_FRAMEWORK_HEADER = YES;
				CLANG_WARN_RANGE_LOOP_ANALYSIS = YES;
				CLANG_WARN_STRICT_PROTOTYPES = YES;
				CLANG_WARN_SUSPICIOUS_MOVE = YES;
				CLANG_WARN_UNGUARDED_AVAILABILITY = YES_AGGRESSIVE;
				CLANG_WARN_UNREACHABLE_CODE = YES;
				CLANG_WARN__DUPLICATE_METHOD_MATCH = YES;
				COPY_PHASE_STRIP = NO;
				DEBUG_INFORMATION_FORMAT = dwarf;
				ENABLE_STRICT_OBJC_MSGSEND = YES;
				ENABLE_TESTABILITY = YES;
				ENABLE_USER_SCRIPT_SANDBOXING = YES;
				GCC_C_LANGUAGE_STANDARD = gnu17;
				GCC_DYNAMIC_NO_PIC = NO;
				GCC_NO_COMMON_BLOCKS = YES;
				GCC_OPTIMIZATION_LEVEL = 0;
				GCC_PREPROCESSOR_DEFINITIONS = (
					"DEBUG=1",
					"$(inherited)",
				);
				GCC_WARN_64_TO_32_BIT_CONVERSION = YES;
				GCC_WARN_ABOUT_RETURN_TYPE = YES_ERROR;
				GCC_WARN_UNDECLARED_SELECTOR = YES;
				GCC_WARN_UNINITIALIZED_AUTOS = YES_AGGRESSIVE;
				GCC_WARN_UNUSED_FUNCTION = YES;
				GCC_WARN_UNUSED_VARIABLE = YES;
				IPHONEOS_DEPLOYMENT_TARGET = 17.2;
				LOCALIZATION_PREFERS_STRING_CATALOGS = YES;
				MTL_ENABLE_DEBUG_INFO = INCLUDE_SOURCE;
				MTL_FAST_MATH = YES;
				ONLY_ACTIVE_ARCH = YES;
				SDKROOT = iphoneos;
				SWIFT_ACTIVE_COMPILATION_CONDITIONS = "DEBUG $(inherited)";
				SWIFT_OPTIMIZATION_LEVEL = "-Onone";
			};
			name = Debug;
		};
		08EF9A772B69B2A500580AD9 /* Release */ = {
			isa = XCBuildConfiguration;
			buildSettings = {
				ALWAYS_SEARCH_USER_PATHS = NO;
				ASSETCATALOG_COMPILER_GENERATE_SWIFT_ASSET_SYMBOL_EXTENSIONS = YES;
				CLANG_ANALYZER_NONNULL = YES;
				CLANG_ANALYZER_NUMBER_OBJECT_CONVERSION = YES_AGGRESSIVE;
				CLANG_CXX_LANGUAGE_STANDARD = "gnu++20";
				CLANG_ENABLE_MODULES = YES;
				CLANG_ENABLE_OBJC_ARC = YES;
				CLANG_ENABLE_OBJC_WEAK = YES;
				CLANG_WARN_BLOCK_CAPTURE_AUTORELEASING = YES;
				CLANG_WARN_BOOL_CONVERSION = YES;
				CLANG_WARN_COMMA = YES;
				CLANG_WARN_CONSTANT_CONVERSION = YES;
				CLANG_WARN_DEPRECATED_OBJC_IMPLEMENTATIONS = YES;
				CLANG_WARN_DIRECT_OBJC_ISA_USAGE = YES_ERROR;
				CLANG_WARN_DOCUMENTATION_COMMENTS = YES;
				CLANG_WARN_EMPTY_BODY = YES;
				CLANG_WARN_ENUM_CONVERSION = YES;
				CLANG_WARN_INFINITE_RECURSION = YES;
				CLANG_WARN_INT_CONVERSION = YES;
				CLANG_WARN_NON_LITERAL_NULL_CONVERSION = YES;
				CLANG_WARN_OBJC_IMPLICIT_RETAIN_SELF = YES;
				CLANG_WARN_OBJC_LITERAL_CONVERSION = YES;
				CLANG_WARN_OBJC_ROOT_CLASS = YES_ERROR;
				CLANG_WARN_QUOTED_INCLUDE_IN_FRAMEWORK_HEADER = YES;
				CLANG_WARN_RANGE_LOOP_ANALYSIS = YES;
				CLANG_WARN_STRICT_PROTOTYPES = YES;
				CLANG_WARN_SUSPICIOUS_MOVE = YES;
				CLANG_WARN_UNGUARDED_AVAILABILITY = YES_AGGRESSIVE;
				CLANG_WARN_UNREACHABLE_CODE = YES;
				CLANG_WARN__DUPLICATE_METHOD_MATCH = YES;
				COPY_PHASE_STRIP = NO;
				DEBUG_INFORMATION_FORMAT = "dwarf-with-dsym";
				ENABLE_NS_ASSERTIONS = NO;
				ENABLE_STRICT_OBJC_MSGSEND = YES;
				ENABLE_USER_SCRIPT_SANDBOXING = YES;
				GCC_C_LANGUAGE_STANDARD = gnu17;
				GCC_NO_COMMON_BLOCKS = YES;
				GCC_WARN_64_TO_32_BIT_CONVERSION = YES;
				GCC_WARN_ABOUT_RETURN_TYPE = YES_ERROR;
				GCC_WARN_UNDECLARED_SELECTOR = YES;
				GCC_WARN_UNINITIALIZED_AUTOS = YES_AGGRESSIVE;
				GCC_WARN_UNUSED_FUNCTION = YES;
				GCC_WARN_UNUSED_VARIABLE = YES;
				IPHONEOS_DEPLOYMENT_TARGET = 17.2;
				LOCALIZATION_PREFERS_STRING_CATALOGS = YES;
				MTL_ENABLE_DEBUG_INFO = NO;
				MTL_FAST_MATH = YES;
				SDKROOT = iphoneos;
				SWIFT_COMPILATION_MODE = wholemodule;
				VALIDATE_PRODUCT = YES;
			};
			name = Release;
		};
		08EF9A792B69B2A500580AD9 /* Debug */ = {
			isa = XCBuildConfiguration;
			buildSettings = {
				ASSETCATALOG_COMPILER_APPICON_NAME = AppIcon;
				ASSETCATALOG_COMPILER_GLOBAL_ACCENT_COLOR_NAME = AccentColor;
				CODE_SIGN_STYLE = Automatic;
				CURRENT_PROJECT_VERSION = 1;
				DEVELOPMENT_TEAM = JDT5SYQKPJ;
				GENERATE_INFOPLIST_FILE = YES;
				INFOPLIST_FILE = "Rick&Morty/Info.plist";
				INFOPLIST_KEY_UIApplicationSupportsIndirectInputEvents = YES;
				INFOPLIST_KEY_UILaunchStoryboardName = LaunchScreen;
				INFOPLIST_KEY_UIMainStoryboardFile = Main;
				INFOPLIST_KEY_UISupportedInterfaceOrientations_iPad = "UIInterfaceOrientationPortrait UIInterfaceOrientationPortraitUpsideDown UIInterfaceOrientationLandscapeLeft UIInterfaceOrientationLandscapeRight";
				INFOPLIST_KEY_UISupportedInterfaceOrientations_iPhone = "UIInterfaceOrientationPortrait UIInterfaceOrientationLandscapeLeft UIInterfaceOrientationLandscapeRight";
				LD_RUNPATH_SEARCH_PATHS = (
					"$(inherited)",
					"@executable_path/Frameworks",
				);
				MARKETING_VERSION = 1.0;
				PRODUCT_BUNDLE_IDENTIFIER = "com.challengue.Rick-Morty";
				PRODUCT_NAME = "$(TARGET_NAME)";
				SWIFT_EMIT_LOC_STRINGS = YES;
				SWIFT_VERSION = 5.0;
				TARGETED_DEVICE_FAMILY = "1,2";
			};
			name = Debug;
		};
		08EF9A7A2B69B2A500580AD9 /* Release */ = {
			isa = XCBuildConfiguration;
			buildSettings = {
				ASSETCATALOG_COMPILER_APPICON_NAME = AppIcon;
				ASSETCATALOG_COMPILER_GLOBAL_ACCENT_COLOR_NAME = AccentColor;
				CODE_SIGN_STYLE = Automatic;
				CURRENT_PROJECT_VERSION = 1;
				DEVELOPMENT_TEAM = JDT5SYQKPJ;
				GENERATE_INFOPLIST_FILE = YES;
				INFOPLIST_FILE = "Rick&Morty/Info.plist";
				INFOPLIST_KEY_UIApplicationSupportsIndirectInputEvents = YES;
				INFOPLIST_KEY_UILaunchStoryboardName = LaunchScreen;
				INFOPLIST_KEY_UIMainStoryboardFile = Main;
				INFOPLIST_KEY_UISupportedInterfaceOrientations_iPad = "UIInterfaceOrientationPortrait UIInterfaceOrientationPortraitUpsideDown UIInterfaceOrientationLandscapeLeft UIInterfaceOrientationLandscapeRight";
				INFOPLIST_KEY_UISupportedInterfaceOrientations_iPhone = "UIInterfaceOrientationPortrait UIInterfaceOrientationLandscapeLeft UIInterfaceOrientationLandscapeRight";
				LD_RUNPATH_SEARCH_PATHS = (
					"$(inherited)",
					"@executable_path/Frameworks",
				);
				MARKETING_VERSION = 1.0;
				PRODUCT_BUNDLE_IDENTIFIER = "com.challengue.Rick-Morty";
				PRODUCT_NAME = "$(TARGET_NAME)";
				SWIFT_EMIT_LOC_STRINGS = YES;
				SWIFT_VERSION = 5.0;
				TARGETED_DEVICE_FAMILY = "1,2";
			};
			name = Release;
		};
/* End XCBuildConfiguration section */

/* Begin XCConfigurationList section */
		08EF9A5F2B69B2A400580AD9 /* Build configuration list for PBXProject "Rick&Morty" */ = {
			isa = XCConfigurationList;
			buildConfigurations = (
				08EF9A762B69B2A500580AD9 /* Debug */,
				08EF9A772B69B2A500580AD9 /* Release */,
			);
			defaultConfigurationIsVisible = 0;
			defaultConfigurationName = Release;
		};
		08EF9A782B69B2A500580AD9 /* Build configuration list for PBXNativeTarget "Rick&Morty" */ = {
			isa = XCConfigurationList;
			buildConfigurations = (
				08EF9A792B69B2A500580AD9 /* Debug */,
				08EF9A7A2B69B2A500580AD9 /* Release */,
			);
			defaultConfigurationIsVisible = 0;
			defaultConfigurationName = Release;
		};
/* End XCConfigurationList section */
	};
	rootObject = 08EF9A5C2B69B2A400580AD9 /* Project object */;
}
